
Microsoft Visual Studio Solution File, Format Version 12.00
# Visual Studio Version 16
VisualStudioVersion = 16.0.31515.178
MinimumVisualStudioVersion = 10.0.40219.1
Project("{FAE04EC0-301F-11D3-BF4B-00C04F79EFBC}") = "RestAPI.API", "RestAPI.API\RestAPI.API.csproj", "{A6680A8C-200A-43BA-A843-1EB16278294D}"
EndProject
Global
	GlobalSection(SolutionConfigurationPlatforms) = preSolution
		Debug|Any CPU = Debug|Any CPU
		Release|Any CPU = Release|Any CPU
	EndGlobalSection
	GlobalSection(ProjectConfigurationPlatforms) = postSolution
		{A6680A8C-200A-43BA-A843-1EB16278294D}.Debug|Any CPU.ActiveCfg = Debug|Any CPU
		{A6680A8C-200A-43BA-A843-1EB16278294D}.Debug|Any CPU.Build.0 = Debug|Any CPU
		{A6680A8C-200A-43BA-A843-1EB16278294D}.Release|Any CPU.ActiveCfg = Release|Any CPU
		{A6680A8C-200A-43BA-A843-1EB16278294D}.Release|Any CPU.Build.0 = Release|Any CPU
	EndGlobalSection
	GlobalSection(SolutionProperties) = preSolution
		HideSolutionNode = FALSE
	EndGlobalSection
	GlobalSection(ExtensibilityGlobals) = postSolution
		SolutionGuid = {B778F1C8-DFF5-43EA-A511-308BE9CCDB5B}
	EndGlobalSection
EndGlobal
